
Microsoft Visual Studio Solution File, Format Version 12.00
# Visual Studio Version 17
VisualStudioVersion = 17.10.34928.147
MinimumVisualStudioVersion = 10.0.40219.1
Project("{FAE04EC0-301F-11D3-BF4B-00C04F79EFBC}") = "AirDolomieu.Server", "AirDolomieu.Server\AirDolomieu.Server.csproj", "{2C2FA5AB-D1D4-4DC8-BE84-DC730B574788}"
EndProject
Project("{54A90642-561A-4BB1-A94E-469ADEE60C69}") = "airdolomieu.client", "airdolomieu.client\airdolomieu.client.esproj", "{546ED823-2B15-41CA-B138-021673E8EEAA}"
EndProject
Global
	GlobalSection(SolutionConfigurationPlatforms) = preSolution
		Debug|Any CPU = Debug|Any CPU
		Release|Any CPU = Release|Any CPU
	EndGlobalSection
	GlobalSection(ProjectConfigurationPlatforms) = postSolution
		{2C2FA5AB-D1D4-4DC8-BE84-DC730B574788}.Debug|Any CPU.ActiveCfg = Debug|Any CPU
		{2C2FA5AB-D1D4-4DC8-BE84-DC730B574788}.Debug|Any CPU.Build.0 = Debug|Any CPU
		{2C2FA5AB-D1D4-4DC8-BE84-DC730B574788}.Release|Any CPU.ActiveCfg = Release|Any CPU
		{2C2FA5AB-D1D4-4DC8-BE84-DC730B574788}.Release|Any CPU.Build.0 = Release|Any CPU
		{546ED823-2B15-41CA-B138-021673E8EEAA}.Debug|Any CPU.ActiveCfg = Debug|Any CPU
		{546ED823-2B15-41CA-B138-021673E8EEAA}.Debug|Any CPU.Build.0 = Debug|Any CPU
		{546ED823-2B15-41CA-B138-021673E8EEAA}.Debug|Any CPU.Deploy.0 = Debug|Any CPU
		{546ED823-2B15-41CA-B138-021673E8EEAA}.Release|Any CPU.ActiveCfg = Release|Any CPU
		{546ED823-2B15-41CA-B138-021673E8EEAA}.Release|Any CPU.Build.0 = Release|Any CPU
		{546ED823-2B15-41CA-B138-021673E8EEAA}.Release|Any CPU.Deploy.0 = Release|Any CPU
	EndGlobalSection
	GlobalSection(SolutionProperties) = preSolution
		HideSolutionNode = FALSE
	EndGlobalSection
	GlobalSection(ExtensibilityGlobals) = postSolution
		SolutionGuid = {5F76E618-6F88-46EF-8E00-04FB8AE06644}
	EndGlobalSection
EndGlobal
